# This file was autogenerated by Stack.
# You should not edit this file by hand.
# For more information, please see the documentation at:
#   https://docs.haskellstack.org/en/stable/lock_files

packages:
- completed:
    hackage: hlint-1.9.31@sha256:9e6a32edaec515e192edf2d23fecbf784a8f111a06ccb07d7538d5e3f2695313,2928
    pantry-tree:
      size: 3566
      sha256: 7e060979585799e414b542b259270be26651893bd347aa86f2b75f1fad6c39e9
  original:
    hackage: hlint-1.9.31
snapshots:
- completed:
    size: 375016
    url: https://raw.githubusercontent.com/commercialhaskell/stackage-snapshots/master/lts/5/17.yaml
    sha256: baec9ee6046b5f6efc809fcaa95f22776c762df69ea2f0cbde95329c200f57c9
  original: lts-5.17
